
Microsoft Visual Studio Solution File, Format Version 12.00
# Visual Studio 15
VisualStudioVersion = 15.0.28010.2046
MinimumVisualStudioVersion = 10.0.40219.1
Project("{FAE04EC0-301F-11D3-BF4B-00C04F79EFBC}") = "Extensions", "Extensions\Extensions.csproj", "{5561D92E-BF56-41CC-BDB7-A4242650CAED}"
EndProject
Global
	GlobalSection(SolutionConfigurationPlatforms) = preSolution
		Debug|Any CPU = Debug|Any CPU
		Release|Any CPU = Release|Any CPU
	EndGlobalSection
	GlobalSection(ProjectConfigurationPlatforms) = postSolution
		{5561D92E-BF56-41CC-BDB7-A4242650CAED}.Debug|Any CPU.ActiveCfg = Debug|Any CPU
		{5561D92E-BF56-41CC-BDB7-A4242650CAED}.Debug|Any CPU.Build.0 = Debug|Any CPU
		{5561D92E-BF56-41CC-BDB7-A4242650CAED}.Release|Any CPU.ActiveCfg = Release|Any CPU
		{5561D92E-BF56-41CC-BDB7-A4242650CAED}.Release|Any CPU.Build.0 = Release|Any CPU
	EndGlobalSection
	GlobalSection(SolutionProperties) = preSolution
		HideSolutionNode = FALSE
	EndGlobalSection
	GlobalSection(ExtensibilityGlobals) = postSolution
		SolutionGuid = {69155F30-4853-45BB-82B4-5B841AB23BC1}
	EndGlobalSection
EndGlobal
